github.com/alecthomas/mph v0.0.0-20190930022807-712982e3d8a2/go.mod h1:HX5roj0AK3pjtDnP4HIV4zY4yW56odJ0LEwgoHL8NLI=
github.com/alecthomas/unsafeslice v0.0.0-20190825002529-d95de1041e15/go.mod h1:H7s9N0gAbfiwu02rQEexZbN/YMxm+2l3rVRa/zE2DM8=
github.com/cespare/mph v0.0.0-20180814222818-ecff71bf0208/go.mod h1:bY9whUE6zsIiluTt3rFJDiQC6bton95U7srG1Uhva/A=
github.com/davecgh/go-spew v1.1.0/go.mod h1:J7Y8YcW2NihsgmVo/mv3lAwl/skON4iLHjSsI+c5H38=
github.com/dgryski/go-metro v0.0.0-20180109044635-280f6062b5bc/go.mod h1:c9O8+fpSOX1DM8cPNSkX/qsBWdkD4yd2dpciOWQjpBw=
github.com/dgryski/go-mph v0.0.0-20191204212658-d9f21d2b3624/go.mod h1:sm2LH0eB9hET2mL0iPfQPPhbBBZgIdeJ6vA/6PfjIaQ=
github.com/evanw/esbuild v0.25.8 h1:nSMdIN7nu2UH6APeDSpaQnz90JOPJxcVZe9DfI0ezjc=
github.com/evanw/esbuild v0.25.8/go.mod h1:D2vIQZqV/vIf/VRHtViaUtViZmG7o+kKmlBfVQuRi48=
github.com/julienschmidt/httprouter v1.3.0 h1:U0609e9tgbseu3rBINet9P48AI/D3oJs4dN7jwJOQ1U=
github.com/julienschmidt/httprouter v1.3.0/go.mod h1:JR6WtHb+2LUe8TCKY3cZOxFyyO8IZAc4RVcycCCAKdM=
github.com/pmezard/go-difflib v1.0.0/go.mod h1:iKH77koFhYxTK1pcRnkKkqfTogsbg7gZNVY4sRDYZ/4=
github.com/stretchr/objx v0.1.0/go.mod h1:HFkY916IF+rwdDfMAkV7OtwuqBVzrE8GR6GFx+wExME=
github.com/stretchr/testify v1.4.0/go.mod h1:j7eGeouHqKxXV5pUuKE4zz7dFj8WfuZ+81PSLYec5m4=
github.com/tdewolff/hasher v0.0.0-20210521220142-bc97f602bca2 h1:9sbpzqbR1yLvMsuxOs64OcpTKiEn6C4FrjDaWjx0p6k=
github.com/tdewolff/hasher v0.0.0-20210521220142-bc97f602bca2/go.mod h1:Sx/dLuVPccg3YfmVXJgNARpbN9yfxiWqnd1rWcrI6VM=
github.com/tdewolff/parse/v2 v2.8.1 h1:J5GSHru6o3jF1uLlEKVXkDxxcVx6yzOlIVIotK4w2po=
github.com/tdewolff/parse/v2 v2.8.1/go.mod h1:Hwlni2tiVNKyzR1o6nUs4FOF07URA+JLBLd6dlIXYqo=
github.com/tdewolff/test v1.0.11/go.mod h1:XPuWBzvdUzhCuxWO1ojpXsyzsA5bFoS3tO/Q3kFuTG8=
golang.org/x/net v0.42.0 h1:jzkYrhi3YQWD6MLBJcsklgQsoAcw89EcZbJw8Z614hs=
golang.org/x/net v0.42.0/go.mod h1:FF1RA5d3u7nAYA4z2TkclSCKh68eSXtiFwcWQpPXdt8=
golang.org/x/sys v0.0.0-20220715151400-c0bba94af5f8/go.mod h1:oPkhp1MJrh7nUepCBck5+mAzfO9JrbApNNgaTdGDITg=
golang.org/x/text v0.27.0 h1:4fGWRpyh641NLlecmyl4LOe6yDdfaYNrGb2zdfo4JV4=
golang.org/x/text v0.27.0/go.mod h1:1D28KMCvyooCX9hBiosv5Tz/+YLxj0j7XhWjpSUF7CU=
gopkg.in/check.v1 v0.0.0-20161208181325-20d25e280405/go.mod h1:Co6ibVJAznAaIkqp8huTwlJQCZ016jof/cbN4VW5Yz0=
gopkg.in/yaml.v2 v2.2.2/go.mod h1:hI93XBmqTisBFMUTm0b8Fm+jr3Dg1NNxqwp+5A1VGuI=
